// !$*UTF8*$!
{
	archiveVersion = 1;
	classes = {
	};
	objectVersion = 77;
	objects = {

/* Begin PBXBuildFile section */
		3A1C3E16200D03EB023FB831 /* Pods_ModelPlayground.framework in Frameworks */ = {isa = PBXBuildFile; fileRef = CC77009ED4808760609EA631 /* Pods_ModelPlayground.framework */; };
		D590220AAC5D693B190D1180 /* Pods_ModelPlaygroundTests.framework in Frameworks */ = {isa = PBXBuildFile; fileRef = 6ACD0BDE18F7C9E55ED9F0F6 /* Pods_ModelPlaygroundTests.framework */; };
		D59B9B004ECB71BE9B6D3A41 /* Pods_ModelPlayground_ModelPlaygroundUITests.framework in Frameworks */ = {isa = PBXBuildFile; fileRef = BCFA2175F761D04614F6884A /* Pods_ModelPlayground_ModelPlaygroundUITests.framework */; };
		F1EF1EF22DFC7D65003C256C /* car_detector.tflite in Resources */ = {isa = PBXBuildFile; fileRef = F1EF1EF12DFC7D65003C256C /* car_detector.tflite */; };
		F1F4280F2E00757800E71608 /* exposure_cls.tflite in Resources */ = {isa = PBXBuildFile; fileRef = F1F4280E2E00757800E71608 /* exposure_cls.tflite */; };
/* End PBXBuildFile section */

/* Begin PBXContainerItemProxy section */
		F1D25AEB2DFB23CC00FE87FB /* PBXContainerItemProxy */ = {
			isa = PBXContainerItemProxy;
			containerPortal = F1D25ACC2DFB23CB00FE87FB /* Project object */;
			proxyType = 1;
			remoteGlobalIDString = F1D25AD32DFB23CB00FE87FB;
			remoteInfo = ModelPlayground;
		};
		F1D25AF52DFB23CC00FE87FB /* PBXContainerItemProxy */ = {
			isa = PBXContainerItemProxy;
			containerPortal = F1D25ACC2DFB23CB00FE87FB /* Project object */;
			proxyType = 1;
			remoteGlobalIDString = F1D25AD32DFB23CB00FE87FB;
			remoteInfo = ModelPlayground;
		};
/* End PBXContainerItemProxy section */

/* Begin PBXFileReference section */
		066135F591AAAAB2180CE540 /* Pods-ModelPlayground-ModelPlaygroundUITests.release.xcconfig */ = {isa = PBXFileReference; includeInIndex = 1; lastKnownFileType = text.xcconfig; name = "Pods-ModelPlayground-ModelPlaygroundUITests.release.xcconfig"; path = "Target Support Files/Pods-ModelPlayground-ModelPlaygroundUITests/Pods-ModelPlayground-ModelPlaygroundUITests.release.xcconfig"; sourceTree = "<group>"; };
		153E3A475EEE6DD23A33E9E3 /* Pods-ModelPlayground.release.xcconfig */ = {isa = PBXFileReference; includeInIndex = 1; lastKnownFileType = text.xcconfig; name = "Pods-ModelPlayground.release.xcconfig"; path = "Target Support Files/Pods-ModelPlayground/Pods-ModelPlayground.release.xcconfig"; sourceTree = "<group>"; };
		1F4EFD78E34359B715F8E330 /* Pods-ModelPlaygroundTests.release.xcconfig */ = {isa = PBXFileReference; includeInIndex = 1; lastKnownFileType = text.xcconfig; name = "Pods-ModelPlaygroundTests.release.xcconfig"; path = "Target Support Files/Pods-ModelPlaygroundTests/Pods-ModelPlaygroundTests.release.xcconfig"; sourceTree = "<group>"; };
		6ACD0BDE18F7C9E55ED9F0F6 /* Pods_ModelPlaygroundTests.framework */ = {isa = PBXFileReference; explicitFileType = wrapper.framework; includeInIndex = 0; path = Pods_ModelPlaygroundTests.framework; sourceTree = BUILT_PRODUCTS_DIR; };
		78CBEFC9421D7140053FD167 /* Pods-ModelPlayground-ModelPlaygroundUITests.debug.xcconfig */ = {isa = PBXFileReference; includeInIndex = 1; lastKnownFileType = text.xcconfig; name = "Pods-ModelPlayground-ModelPlaygroundUITests.debug.xcconfig"; path = "Target Support Files/Pods-ModelPlayground-ModelPlaygroundUITests/Pods-ModelPlayground-ModelPlaygroundUITests.debug.xcconfig"; sourceTree = "<group>"; };
		A4C7D67E86DFADB354F13B97 /* Pods-ModelPlayground.debug.xcconfig */ = {isa = PBXFileReference; includeInIndex = 1; lastKnownFileType = text.xcconfig; name = "Pods-ModelPlayground.debug.xcconfig"; path = "Target Support Files/Pods-ModelPlayground/Pods-ModelPlayground.debug.xcconfig"; sourceTree = "<group>"; };
		BCFA2175F761D04614F6884A /* Pods_ModelPlayground_ModelPlaygroundUITests.framework */ = {isa = PBXFileReference; explicitFileType = wrapper.framework; includeInIndex = 0; path = Pods_ModelPlayground_ModelPlaygroundUITests.framework; sourceTree = BUILT_PRODUCTS_DIR; };
		CC77009ED4808760609EA631 /* Pods_ModelPlayground.framework */ = {isa = PBXFileReference; explicitFileType = wrapper.framework; includeInIndex = 0; path = Pods_ModelPlayground.framework; sourceTree = BUILT_PRODUCTS_DIR; };
		D35FC709954F32392B9B6C23 /* Pods-ModelPlaygroundTests.debug.xcconfig */ = {isa = PBXFileReference; includeInIndex = 1; lastKnownFileType = text.xcconfig; name = "Pods-ModelPlaygroundTests.debug.xcconfig"; path = "Target Support Files/Pods-ModelPlaygroundTests/Pods-ModelPlaygroundTests.debug.xcconfig"; sourceTree = "<group>"; };
		F1D25AD42DFB23CB00FE87FB /* ModelPlayground.app */ = {isa = PBXFileReference; explicitFileType = wrapper.application; includeInIndex = 0; path = ModelPlayground.app; sourceTree = BUILT_PRODUCTS_DIR; };
		F1D25AEA2DFB23CC00FE87FB /* ModelPlaygroundTests.xctest */ = {isa = PBXFileReference; explicitFileType = wrapper.cfbundle; includeInIndex = 0; path = ModelPlaygroundTests.xctest; sourceTree = BUILT_PRODUCTS_DIR; };
		F1D25AF42DFB23CC00FE87FB /* ModelPlaygroundUITests.xctest */ = {isa = PBXFileReference; explicitFileType = wrapper.cfbundle; includeInIndex = 0; path = ModelPlaygroundUITests.xctest; sourceTree = BUILT_PRODUCTS_DIR; };
		F1EF1EF12DFC7D65003C256C /* car_detector.tflite */ = {isa = PBXFileReference; lastKnownFileType = file; path = car_detector.tflite; sourceTree = "<group>"; };
		F1F4280E2E00757800E71608 /* exposure_cls.tflite */ = {isa = PBXFileReference; lastKnownFileType = file; path = exposure_cls.tflite; sourceTree = "<group>"; };
/* End PBXFileReference section */

/* Begin PBXFileSystemSynchronizedBuildFileExceptionSet section */
		F1D25AFC2DFB23CC00FE87FB /* Exceptions for "ModelPlayground" folder in "ModelPlayground" target */ = {
			isa = PBXFileSystemSynchronizedBuildFileExceptionSet;
			membershipExceptions = (
				Info.plist,
			);
			target = F1D25AD32DFB23CB00FE87FB /* ModelPlayground */;
		};
/* End PBXFileSystemSynchronizedBuildFileExceptionSet section */

/* Begin PBXFileSystemSynchronizedRootGroup section */
		F1D25AD62DFB23CB00FE87FB /* ModelPlayground */ = {
			isa = PBXFileSystemSynchronizedRootGroup;
			exceptions = (
				F1D25AFC2DFB23CC00FE87FB /* Exceptions for "ModelPlayground" folder in "ModelPlayground" target */,
			);
			path = ModelPlayground;
			sourceTree = "<group>";
		};
		F1D25AED2DFB23CC00FE87FB /* ModelPlaygroundTests */ = {
			isa = PBXFileSystemSynchronizedRootGroup;
			path = ModelPlaygroundTests;
			sourceTree = "<group>";
		};
		F1D25AF72DFB23CC00FE87FB /* ModelPlaygroundUITests */ = {
			isa = PBXFileSystemSynchronizedRootGroup;
			path = ModelPlaygroundUITests;
			sourceTree = "<group>";
		};
/* End PBXFileSystemSynchronizedRootGroup section */

/* Begin PBXFrameworksBuildPhase section */
		F1D25AD12DFB23CB00FE87FB /* Frameworks */ = {
			isa = PBXFrameworksBuildPhase;
			buildActionMask = 2147483647;
			files = (
				3A1C3E16200D03EB023FB831 /* Pods_ModelPlayground.framework in Frameworks */,
			);
			runOnlyForDeploymentPostprocessing = 0;
		};
		F1D25AE72DFB23CC00FE87FB /* Frameworks */ = {
			isa = PBXFrameworksBuildPhase;
			buildActionMask = 2147483647;
			files = (
				D590220AAC5D693B190D1180 /* Pods_ModelPlaygroundTests.framework in Frameworks */,
			);
			runOnlyForDeploymentPostprocessing = 0;
		};
		F1D25AF12DFB23CC00FE87FB /* Frameworks */ = {
			isa = PBXFrameworksBuildPhase;
			buildActionMask = 2147483647;
			files = (
				D59B9B004ECB71BE9B6D3A41 /* Pods_ModelPlayground_ModelPlaygroundUITests.framework in Frameworks */,
			);
			runOnlyForDeploymentPostprocessing = 0;
		};
/* End PBXFrameworksBuildPhase section */

/* Begin PBXGroup section */
		2367DF4B5DDBF58D22EE2B49 /* Pods */ = {
			isa = PBXGroup;
			children = (
				A4C7D67E86DFADB354F13B97 /* Pods-ModelPlayground.debug.xcconfig */,
				153E3A475EEE6DD23A33E9E3 /* Pods-ModelPlayground.release.xcconfig */,
				78CBEFC9421D7140053FD167 /* Pods-ModelPlayground-ModelPlaygroundUITests.debug.xcconfig */,
				066135F591AAAAB2180CE540 /* Pods-ModelPlayground-ModelPlaygroundUITests.release.xcconfig */,
				D35FC709954F32392B9B6C23 /* Pods-ModelPlaygroundTests.debug.xcconfig */,
				1F4EFD78E34359B715F8E330 /* Pods-ModelPlaygroundTests.release.xcconfig */,
			);
			path = Pods;
			sourceTree = "<group>";
		};
		E32F622DB57638C9C18D6DD4 /* Frameworks */ = {
			isa = PBXGroup;
			children = (
				CC77009ED4808760609EA631 /* Pods_ModelPlayground.framework */,
				BCFA2175F761D04614F6884A /* Pods_ModelPlayground_ModelPlaygroundUITests.framework */,
				6ACD0BDE18F7C9E55ED9F0F6 /* Pods_ModelPlaygroundTests.framework */,
			);
			name = Frameworks;
			sourceTree = "<group>";
		};
		F1D25ACB2DFB23CB00FE87FB = {
			isa = PBXGroup;
			children = (
				F1F4280E2E00757800E71608 /* exposure_cls.tflite */,
				F1EF1EF12DFC7D65003C256C /* car_detector.tflite */,
				F1D25AD62DFB23CB00FE87FB /* ModelPlayground */,
				F1D25AED2DFB23CC00FE87FB /* ModelPlaygroundTests */,
				F1D25AF72DFB23CC00FE87FB /* ModelPlaygroundUITests */,
				F1D25AD52DFB23CB00FE87FB /* Products */,
				2367DF4B5DDBF58D22EE2B49 /* Pods */,
				E32F622DB57638C9C18D6DD4 /* Frameworks */,
			);
			sourceTree = "<group>";
		};
		F1D25AD52DFB23CB00FE87FB /* Products */ = {
			isa = PBXGroup;
			children = (
				F1D25AD42DFB23CB00FE87FB /* ModelPlayground.app */,
				F1D25AEA2DFB23CC00FE87FB /* ModelPlaygroundTests.xctest */,
				F1D25AF42DFB23CC00FE87FB /* ModelPlaygroundUITests.xctest */,
			);
			name = Products;
			sourceTree = "<group>";
		};
/* End PBXGroup section */

/* Begin PBXNativeTarget section */
		F1D25AD32DFB23CB00FE87FB /* ModelPlayground */ = {
			isa = PBXNativeTarget;
			buildConfigurationList = F1D25AFD2DFB23CC00FE87FB /* Build configuration list for PBXNativeTarget "ModelPlayground" */;
			buildPhases = (
				4A80E9E46BE61294BB7C7CC2 /* [CP] Check Pods Manifest.lock */,
				F1D25AD02DFB23CB00FE87FB /* Sources */,
				F1D25AD12DFB23CB00FE87FB /* Frameworks */,
				F1D25AD22DFB23CB00FE87FB /* Resources */,
				925ABB63CFC8EF32BE9FED5A /* [CP] Copy Pods Resources */,
			);
			buildRules = (
			);
			dependencies = (
			);
			fileSystemSynchronizedGroups = (
				F1D25AD62DFB23CB00FE87FB /* ModelPlayground */,
			);
			name = ModelPlayground;
			productName = ModelPlayground;
			productReference = F1D25AD42DFB23CB00FE87FB /* ModelPlayground.app */;
			productType = "com.apple.product-type.application";
		};
		F1D25AE92DFB23CC00FE87FB /* ModelPlaygroundTests */ = {
			isa = PBXNativeTarget;
			buildConfigurationList = F1D25B022DFB23CC00FE87FB /* Build configuration list for PBXNativeTarget "ModelPlaygroundTests" */;
			buildPhases = (
				1225EFC5EF48EB67979030B8 /* [CP] Check Pods Manifest.lock */,
				F1D25AE62DFB23CC00FE87FB /* Sources */,
				F1D25AE72DFB23CC00FE87FB /* Frameworks */,
				F1D25AE82DFB23CC00FE87FB /* Resources */,
			);
			buildRules = (
			);
			dependencies = (
				F1D25AEC2DFB23CC00FE87FB /* PBXTargetDependency */,
			);
			fileSystemSynchronizedGroups = (
				F1D25AED2DFB23CC00FE87FB /* ModelPlaygroundTests */,
			);
			name = ModelPlaygroundTests;
			productName = ModelPlaygroundTests;
			productReference = F1D25AEA2DFB23CC00FE87FB /* ModelPlaygroundTests.xctest */;
			productType = "com.apple.product-type.bundle.unit-test";
		};
		F1D25AF32DFB23CC00FE87FB /* ModelPlaygroundUITests */ = {
			isa = PBXNativeTarget;
			buildConfigurationList = F1D25B052DFB23CC00FE87FB /* Build configuration list for PBXNativeTarget "ModelPlaygroundUITests" */;
			buildPhases = (
				C122FE92054A3B347C0E3744 /* [CP] Check Pods Manifest.lock */,
				F1D25AF02DFB23CC00FE87FB /* Sources */,
				F1D25AF12DFB23CC00FE87FB /* Frameworks */,
				F1D25AF22DFB23CC00FE87FB /* Resources */,
				4BB01D5F63C06E988907D11E /* [CP] Copy Pods Resources */,
			);
			buildRules = (
			);
			dependencies = (
				F1D25AF62DFB23CC00FE87FB /* PBXTargetDependency */,
			);
			fileSystemSynchronizedGroups = (
				F1D25AF72DFB23CC00FE87FB /* ModelPlaygroundUITests */,
			);
			name = ModelPlaygroundUITests;
			productName = ModelPlaygroundUITests;
			productReference = F1D25AF42DFB23CC00FE87FB /* ModelPlaygroundUITests.xctest */;
			productType = "com.apple.product-type.bundle.ui-testing";
		};
/* End PBXNativeTarget section */

/* Begin PBXProject section */
		F1D25ACC2DFB23CB00FE87FB /* Project object */ = {
			isa = PBXProject;
			attributes = {
				BuildIndependentTargetsInParallel = 1;
				LastSwiftUpdateCheck = 1640;
				LastUpgradeCheck = 1640;
				TargetAttributes = {
					F1D25AD32DFB23CB00FE87FB = {
						CreatedOnToolsVersion = 16.4;
					};
					F1D25AE92DFB23CC00FE87FB = {
						CreatedOnToolsVersion = 16.4;
						TestTargetID = F1D25AD32DFB23CB00FE87FB;
					};
					F1D25AF32DFB23CC00FE87FB = {
						CreatedOnToolsVersion = 16.4;
						TestTargetID = F1D25AD32DFB23CB00FE87FB;
					};
				};
			};
			buildConfigurationList = F1D25ACF2DFB23CB00FE87FB /* Build configuration list for PBXProject "ModelPlayground" */;
			developmentRegion = en;
			hasScannedForEncodings = 0;
			knownRegions = (
				en,
				Base,
			);
			mainGroup = F1D25ACB2DFB23CB00FE87FB;
			minimizedProjectReferenceProxies = 1;
			preferredProjectObjectVersion = 77;
			productRefGroup = F1D25AD52DFB23CB00FE87FB /* Products */;
			projectDirPath = "";
			projectRoot = "";
			targets = (
				F1D25AD32DFB23CB00FE87FB /* ModelPlayground */,
				F1D25AE92DFB23CC00FE87FB /* ModelPlaygroundTests */,
				F1D25AF32DFB23CC00FE87FB /* ModelPlaygroundUITests */,
			);
		};
/* End PBXProject section */

/* Begin PBXResourcesBuildPhase section */
		F1D25AD22DFB23CB00FE87FB /* Resources */ = {
			isa = PBXResourcesBuildPhase;
			buildActionMask = 2147483647;
			files = (
				F1EF1EF22DFC7D65003C256C /* car_detector.tflite in Resources */,
				F1F4280F2E00757800E71608 /* exposure_cls.tflite in Resources */,
			);
			runOnlyForDeploymentPostprocessing = 0;
		};
		F1D25AE82DFB23CC00FE87FB /* Resources */ = {
			isa = PBXResourcesBuildPhase;
			buildActionMask = 2147483647;
			files = (
			);
			runOnlyForDeploymentPostprocessing = 0;
		};
		F1D25AF22DFB23CC00FE87FB /* Resources */ = {
			isa = PBXResourcesBuildPhase;
			buildActionMask = 2147483647;
			files = (
			);
			runOnlyForDeploymentPostprocessing = 0;
		};
/* End PBXResourcesBuildPhase section */

/* Begin PBXShellScriptBuildPhase section */
		1225EFC5EF48EB67979030B8 /* [CP] Check Pods Manifest.lock */ = {
			isa = PBXShellScriptBuildPhase;
			buildActionMask = 2147483647;
			files = (
			);
			inputFileListPaths = (
			);
			inputPaths = (
				"${PODS_PODFILE_DIR_PATH}/Podfile.lock",
				"${PODS_ROOT}/Manifest.lock",
			);
			name = "[CP] Check Pods Manifest.lock";
			outputFileListPaths = (
			);
			outputPaths = (
				"$(DERIVED_FILE_DIR)/Pods-ModelPlaygroundTests-checkManifestLockResult.txt",
			);
			runOnlyForDeploymentPostprocessing = 0;
			shellPath = /bin/sh;
			shellScript = "diff \"${PODS_PODFILE_DIR_PATH}/Podfile.lock\" \"${PODS_ROOT}/Manifest.lock\" > /dev/null\nif [ $? != 0 ] ; then\n    # print error to STDERR\n    echo \"error: The sandbox is not in sync with the Podfile.lock. Run 'pod install' or update your CocoaPods installation.\" >&2\n    exit 1\nfi\n# This output is used by Xcode 'outputs' to avoid re-running this script phase.\necho \"SUCCESS\" > \"${SCRIPT_OUTPUT_FILE_0}\"\n";
			showEnvVarsInLog = 0;
		};
		4A80E9E46BE61294BB7C7CC2 /* [CP] Check Pods Manifest.lock */ = {
			isa = PBXShellScriptBuildPhase;
			buildActionMask = 2147483647;
			files = (
			);
			inputFileListPaths = (
			);
			inputPaths = (
				"${PODS_PODFILE_DIR_PATH}/Podfile.lock",
				"${PODS_ROOT}/Manifest.lock",
			);
			name = "[CP] Check Pods Manifest.lock";
			outputFileListPaths = (
			);
			outputPaths = (
				"$(DERIVED_FILE_DIR)/Pods-ModelPlayground-checkManifestLockResult.txt",
			);
			runOnlyForDeploymentPostprocessing = 0;
			shellPath = /bin/sh;
			shellScript = "diff \"${PODS_PODFILE_DIR_PATH}/Podfile.lock\" \"${PODS_ROOT}/Manifest.lock\" > /dev/null\nif [ $? != 0 ] ; then\n    # print error to STDERR\n    echo \"error: The sandbox is not in sync with the Podfile.lock. Run 'pod install' or update your CocoaPods installation.\" >&2\n    exit 1\nfi\n# This output is used by Xcode 'outputs' to avoid re-running this script phase.\necho \"SUCCESS\" > \"${SCRIPT_OUTPUT_FILE_0}\"\n";
			showEnvVarsInLog = 0;
		};
		4BB01D5F63C06E988907D11E /* [CP] Copy Pods Resources */ = {
			isa = PBXShellScriptBuildPhase;
			buildActionMask = 2147483647;
			files = (
			);
			inputFileListPaths = (
				"${PODS_ROOT}/Target Support Files/Pods-ModelPlayground-ModelPlaygroundUITests/Pods-ModelPlayground-ModelPlaygroundUITests-resources-${CONFIGURATION}-input-files.xcfilelist",
			);
			inputPaths = (
			);
			name = "[CP] Copy Pods Resources";
			outputFileListPaths = (
				"${PODS_ROOT}/Target Support Files/Pods-ModelPlayground-ModelPlaygroundUITests/Pods-ModelPlayground-ModelPlaygroundUITests-resources-${CONFIGURATION}-output-files.xcfilelist",
			);
			outputPaths = (
			);
			runOnlyForDeploymentPostprocessing = 0;
			shellPath = /bin/sh;
			shellScript = "\"${PODS_ROOT}/Target Support Files/Pods-ModelPlayground-ModelPlaygroundUITests/Pods-ModelPlayground-ModelPlaygroundUITests-resources.sh\"\n";
			showEnvVarsInLog = 0;
		};
		925ABB63CFC8EF32BE9FED5A /* [CP] Copy Pods Resources */ = {
			isa = PBXShellScriptBuildPhase;
			buildActionMask = 2147483647;
			files = (
			);
			inputFileListPaths = (
				"${PODS_ROOT}/Target Support Files/Pods-ModelPlayground/Pods-ModelPlayground-resources-${CONFIGURATION}-input-files.xcfilelist",
			);
			inputPaths = (
			);
			name = "[CP] Copy Pods Resources";
			outputFileListPaths = (
				"${PODS_ROOT}/Target Support Files/Pods-ModelPlayground/Pods-ModelPlayground-resources-${CONFIGURATION}-output-files.xcfilelist",
			);
			outputPaths = (
			);
			runOnlyForDeploymentPostprocessing = 0;
			shellPath = /bin/sh;
			shellScript = "\"${PODS_ROOT}/Target Support Files/Pods-ModelPlayground/Pods-ModelPlayground-resources.sh\"\n";
			showEnvVarsInLog = 0;
		};
		C122FE92054A3B347C0E3744 /* [CP] Check Pods Manifest.lock */ = {
			isa = PBXShellScriptBuildPhase;
			buildActionMask = 2147483647;
			files = (
			);
			inputFileListPaths = (
			);
			inputPaths = (
				"${PODS_PODFILE_DIR_PATH}/Podfile.lock",
				"${PODS_ROOT}/Manifest.lock",
			);
			name = "[CP] Check Pods Manifest.lock";
			outputFileListPaths = (
			);
			outputPaths = (
				"$(DERIVED_FILE_DIR)/Pods-ModelPlayground-ModelPlaygroundUITests-checkManifestLockResult.txt",
			);
			runOnlyForDeploymentPostprocessing = 0;
			shellPath = /bin/sh;
			shellScript = "diff \"${PODS_PODFILE_DIR_PATH}/Podfile.lock\" \"${PODS_ROOT}/Manifest.lock\" > /dev/null\nif [ $? != 0 ] ; then\n    # print error to STDERR\n    echo \"error: The sandbox is not in sync with the Podfile.lock. Run 'pod install' or update your CocoaPods installation.\" >&2\n    exit 1\nfi\n# This output is used by Xcode 'outputs' to avoid re-running this script phase.\necho \"SUCCESS\" > \"${SCRIPT_OUTPUT_FILE_0}\"\n";
			showEnvVarsInLog = 0;
		};
/* End PBXShellScriptBuildPhase section */

/* Begin PBXSourcesBuildPhase section */
		F1D25AD02DFB23CB00FE87FB /* Sources */ = {
			isa = PBXSourcesBuildPhase;
			buildActionMask = 2147483647;
			files = (
			);
			runOnlyForDeploymentPostprocessing = 0;
		};
		F1D25AE62DFB23CC00FE87FB /* Sources */ = {
			isa = PBXSourcesBuildPhase;
			buildActionMask = 2147483647;
			files = (
			);
			runOnlyForDeploymentPostprocessing = 0;
		};
		F1D25AF02DFB23CC00FE87FB /* Sources */ = {
			isa = PBXSourcesBuildPhase;
			buildActionMask = 2147483647;
			files = (
			);
			runOnlyForDeploymentPostprocessing = 0;
		};
/* End PBXSourcesBuildPhase section */

/* Begin PBXTargetDependency section */
		F1D25AEC2DFB23CC00FE87FB /* PBXTargetDependency */ = {
			isa = PBXTargetDependency;
			target = F1D25AD32DFB23CB00FE87FB /* ModelPlayground */;
			targetProxy = F1D25AEB2DFB23CC00FE87FB /* PBXContainerItemProxy */;
		};
		F1D25AF62DFB23CC00FE87FB /* PBXTargetDependency */ = {
			isa = PBXTargetDependency;
			target = F1D25AD32DFB23CB00FE87FB /* ModelPlayground */;
			targetProxy = F1D25AF52DFB23CC00FE87FB /* PBXContainerItemProxy */;
		};
/* End PBXTargetDependency section */

/* Begin XCBuildConfiguration section */
		F1D25AFE2DFB23CC00FE87FB /* Debug */ = {
			isa = XCBuildConfiguration;
			baseConfigurationReference = A4C7D67E86DFADB354F13B97 /* Pods-ModelPlayground.debug.xcconfig */;
			buildSettings = {
				ASSETCATALOG_COMPILER_APPICON_NAME = AppIcon;
				ASSETCATALOG_COMPILER_GLOBAL_ACCENT_COLOR_NAME = AccentColor;
				CODE_SIGN_STYLE = Automatic;
				CURRENT_PROJECT_VERSION = 1;
				ENABLE_USER_SCRIPT_SANDBOXING = NO;
				GENERATE_INFOPLIST_FILE = YES;
				INFOPLIST_FILE = ModelPlayground/Info.plist;
				INFOPLIST_KEY_UIApplicationSupportsIndirectInputEvents = YES;
				INFOPLIST_KEY_UILaunchStoryboardName = LaunchScreen;
				INFOPLIST_KEY_UIMainStoryboardFile = Main;
				INFOPLIST_KEY_UISupportedInterfaceOrientations_iPad = "UIInterfaceOrientationPortrait UIInterfaceOrientationPortraitUpsideDown UIInterfaceOrientationLandscapeLeft UIInterfaceOrientationLandscapeRight";
				INFOPLIST_KEY_UISupportedInterfaceOrientations_iPhone = "UIInterfaceOrientationPortrait UIInterfaceOrientationLandscapeLeft UIInterfaceOrientationLandscapeRight";
				LD_RUNPATH_SEARCH_PATHS = (
					"$(inherited)",
					"@executable_path/Frameworks",
				);
				MARKETING_VERSION = 1.0;
				PRODUCT_BUNDLE_IDENTIFIER = carcutter.ModelPlayground;
				PRODUCT_NAME = "$(TARGET_NAME)";
				SWIFT_EMIT_LOC_STRINGS = YES;
				SWIFT_VERSION = 5.0;
				TARGETED_DEVICE_FAMILY = "1,2";
			};
			name = Debug;
		};
		F1D25AFF2DFB23CC00FE87FB /* Release */ = {
			isa = XCBuildConfiguration;
			baseConfigurationReference = 153E3A475EEE6DD23A33E9E3 /* Pods-ModelPlayground.release.xcconfig */;
			buildSettings = {
				ASSETCATALOG_COMPILER_APPICON_NAME = AppIcon;
				ASSETCATALOG_COMPILER_GLOBAL_ACCENT_COLOR_NAME = AccentColor;
				CODE_SIGN_STYLE = Automatic;
				CURRENT_PROJECT_VERSION = 1;
				ENABLE_USER_SCRIPT_SANDBOXING = NO;
				GENERATE_INFOPLIST_FILE = YES;
				INFOPLIST_FILE = ModelPlayground/Info.plist;
				INFOPLIST_KEY_UIApplicationSupportsIndirectInputEvents = YES;
				INFOPLIST_KEY_UILaunchStoryboardName = LaunchScreen;
				INFOPLIST_KEY_UIMainStoryboardFile = Main;
				INFOPLIST_KEY_UISupportedInterfaceOrientations_iPad = "UIInterfaceOrientationPortrait UIInterfaceOrientationPortraitUpsideDown UIInterfaceOrientationLandscapeLeft UIInterfaceOrientationLandscapeRight";
				INFOPLIST_KEY_UISupportedInterfaceOrientations_iPhone = "UIInterfaceOrientationPortrait UIInterfaceOrientationLandscapeLeft UIInterfaceOrientationLandscapeRight";
				LD_RUNPATH_SEARCH_PATHS = (
					"$(inherited)",
					"@executable_path/Frameworks",
				);
				MARKETING_VERSION = 1.0;
				PRODUCT_BUNDLE_IDENTIFIER = carcutter.ModelPlayground;
				PRODUCT_NAME = "$(TARGET_NAME)";
				SWIFT_EMIT_LOC_STRINGS = YES;
				SWIFT_VERSION = 5.0;
				TARGETED_DEVICE_FAMILY = "1,2";
			};
			name = Release;
		};
		F1D25B002DFB23CC00FE87FB /* Debug */ = {
			isa = XCBuildConfiguration;
			buildSettings = {
				ALWAYS_SEARCH_USER_PATHS = NO;
				ASSETCATALOG_COMPILER_GENERATE_SWIFT_ASSET_SYMBOL_EXTENSIONS = YES;
				CLANG_ANALYZER_NONNULL = YES;
				CLANG_ANALYZER_NUMBER_OBJECT_CONVERSION = YES_AGGRESSIVE;
				CLANG_CXX_LANGUAGE_STANDARD = "gnu++20";
				CLANG_ENABLE_MODULES = YES;
				CLANG_ENABLE_OBJC_ARC = YES;
				CLANG_ENABLE_OBJC_WEAK = YES;
				CLANG_WARN_BLOCK_CAPTURE_AUTORELEASING = YES;
				CLANG_WARN_BOOL_CONVERSION = YES;
				CLANG_WARN_COMMA = YES;
				CLANG_WARN_CONSTANT_CONVERSION = YES;
				CLANG_WARN_DEPRECATED_OBJC_IMPLEMENTATIONS = YES;
				CLANG_WARN_DIRECT_OBJC_ISA_USAGE = YES_ERROR;
				CLANG_WARN_DOCUMENTATION_COMMENTS = YES;
				CLANG_WARN_EMPTY_BODY = YES;
				CLANG_WARN_ENUM_CONVERSION = YES;
				CLANG_WARN_INFINITE_RECURSION = YES;
				CLANG_WARN_INT_CONVERSION = YES;
				CLANG_WARN_NON_LITERAL_NULL_CONVERSION = YES;
				CLANG_WARN_OBJC_IMPLICIT_RETAIN_SELF = YES;
				CLANG_WARN_OBJC_LITERAL_CONVERSION = YES;
				CLANG_WARN_OBJC_ROOT_CLASS = YES_ERROR;
				CLANG_WARN_QUOTED_INCLUDE_IN_FRAMEWORK_HEADER = YES;
				CLANG_WARN_RANGE_LOOP_ANALYSIS = YES;
				CLANG_WARN_STRICT_PROTOTYPES = YES;
				CLANG_WARN_SUSPICIOUS_MOVE = YES;
				CLANG_WARN_UNGUARDED_AVAILABILITY = YES_AGGRESSIVE;
				CLANG_WARN_UNREACHABLE_CODE = YES;
				CLANG_WARN__DUPLICATE_METHOD_MATCH = YES;
				COPY_PHASE_STRIP = NO;
				DEBUG_INFORMATION_FORMAT = dwarf;
				ENABLE_STRICT_OBJC_MSGSEND = YES;
				ENABLE_TESTABILITY = YES;
				ENABLE_USER_SCRIPT_SANDBOXING = YES;
				GCC_C_LANGUAGE_STANDARD = gnu17;
				GCC_DYNAMIC_NO_PIC = NO;
				GCC_NO_COMMON_BLOCKS = YES;
				GCC_OPTIMIZATION_LEVEL = 0;
				GCC_PREPROCESSOR_DEFINITIONS = (
					"DEBUG=1",
					"$(inherited)",
				);
				GCC_WARN_64_TO_32_BIT_CONVERSION = YES;
				GCC_WARN_ABOUT_RETURN_TYPE = YES_ERROR;
				GCC_WARN_UNDECLARED_SELECTOR = YES;
				GCC_WARN_UNINITIALIZED_AUTOS = YES_AGGRESSIVE;
				GCC_WARN_UNUSED_FUNCTION = YES;
				GCC_WARN_UNUSED_VARIABLE = YES;
				IPHONEOS_DEPLOYMENT_TARGET = 18.5;
				LOCALIZATION_PREFERS_STRING_CATALOGS = YES;
				MTL_ENABLE_DEBUG_INFO = INCLUDE_SOURCE;
				MTL_FAST_MATH = YES;
				ONLY_ACTIVE_ARCH = YES;
				SDKROOT = iphoneos;
				SWIFT_ACTIVE_COMPILATION_CONDITIONS = "DEBUG $(inherited)";
				SWIFT_OPTIMIZATION_LEVEL = "-Onone";
			};
			name = Debug;
		};
		F1D25B012DFB23CC00FE87FB /* Release */ = {
			isa = XCBuildConfiguration;
			buildSettings = {
				ALWAYS_SEARCH_USER_PATHS = NO;
				ASSETCATALOG_COMPILER_GENERATE_SWIFT_ASSET_SYMBOL_EXTENSIONS = YES;
				CLANG_ANALYZER_NONNULL = YES;
				CLANG_ANALYZER_NUMBER_OBJECT_CONVERSION = YES_AGGRESSIVE;
				CLANG_CXX_LANGUAGE_STANDARD = "gnu++20";
				CLANG_ENABLE_MODULES = YES;
				CLANG_ENABLE_OBJC_ARC = YES;
				CLANG_ENABLE_OBJC_WEAK = YES;
				CLANG_WARN_BLOCK_CAPTURE_AUTORELEASING = YES;
				CLANG_WARN_BOOL_CONVERSION = YES;
				CLANG_WARN_COMMA = YES;
				CLANG_WARN_CONSTANT_CONVERSION = YES;
				CLANG_WARN_DEPRECATED_OBJC_IMPLEMENTATIONS = YES;
				CLANG_WARN_DIRECT_OBJC_ISA_USAGE = YES_ERROR;
				CLANG_WARN_DOCUMENTATION_COMMENTS = YES;
				CLANG_WARN_EMPTY_BODY = YES;
				CLANG_WARN_ENUM_CONVERSION = YES;
				CLANG_WARN_INFINITE_RECURSION = YES;
				CLANG_WARN_INT_CONVERSION = YES;
				CLANG_WARN_NON_LITERAL_NULL_CONVERSION = YES;
				CLANG_WARN_OBJC_IMPLICIT_RETAIN_SELF = YES;
				CLANG_WARN_OBJC_LITERAL_CONVERSION = YES;
				CLANG_WARN_OBJC_ROOT_CLASS = YES_ERROR;
				CLANG_WARN_QUOTED_INCLUDE_IN_FRAMEWORK_HEADER = YES;
				CLANG_WARN_RANGE_LOOP_ANALYSIS = YES;
				CLANG_WARN_STRICT_PROTOTYPES = YES;
				CLANG_WARN_SUSPICIOUS_MOVE = YES;
				CLANG_WARN_UNGUARDED_AVAILABILITY = YES_AGGRESSIVE;
				CLANG_WARN_UNREACHABLE_CODE = YES;
				CLANG_WARN__DUPLICATE_METHOD_MATCH = YES;
				COPY_PHASE_STRIP = NO;
				DEBUG_INFORMATION_FORMAT = "dwarf-with-dsym";
				ENABLE_NS_ASSERTIONS = NO;
				ENABLE_STRICT_OBJC_MSGSEND = YES;
				ENABLE_USER_SCRIPT_SANDBOXING = YES;
				GCC_C_LANGUAGE_STANDARD = gnu17;
				GCC_NO_COMMON_BLOCKS = YES;
				GCC_WARN_64_TO_32_BIT_CONVERSION = YES;
				GCC_WARN_ABOUT_RETURN_TYPE = YES_ERROR;
				GCC_WARN_UNDECLARED_SELECTOR = YES;
				GCC_WARN_UNINITIALIZED_AUTOS = YES_AGGRESSIVE;
				GCC_WARN_UNUSED_FUNCTION = YES;
				GCC_WARN_UNUSED_VARIABLE = YES;
				IPHONEOS_DEPLOYMENT_TARGET = 18.5;
				LOCALIZATION_PREFERS_STRING_CATALOGS = YES;
				MTL_ENABLE_DEBUG_INFO = NO;
				MTL_FAST_MATH = YES;
				SDKROOT = iphoneos;
				SWIFT_COMPILATION_MODE = wholemodule;
				VALIDATE_PRODUCT = YES;
			};
			name = Release;
		};
		F1D25B032DFB23CC00FE87FB /* Debug */ = {
			isa = XCBuildConfiguration;
			baseConfigurationReference = D35FC709954F32392B9B6C23 /* Pods-ModelPlaygroundTests.debug.xcconfig */;
			buildSettings = {
				BUNDLE_LOADER = "$(TEST_HOST)";
				CODE_SIGN_STYLE = Automatic;
				CURRENT_PROJECT_VERSION = 1;
				GENERATE_INFOPLIST_FILE = YES;
				IPHONEOS_DEPLOYMENT_TARGET = 18.5;
				MARKETING_VERSION = 1.0;
				PRODUCT_BUNDLE_IDENTIFIER = carcutter.ModelPlaygroundTests;
				PRODUCT_NAME = "$(TARGET_NAME)";
				SWIFT_EMIT_LOC_STRINGS = NO;
				SWIFT_VERSION = 5.0;
				TARGETED_DEVICE_FAMILY = "1,2";
				TEST_HOST = "$(BUILT_PRODUCTS_DIR)/ModelPlayground.app/$(BUNDLE_EXECUTABLE_FOLDER_PATH)/ModelPlayground";
			};
			name = Debug;
		};
		F1D25B042DFB23CC00FE87FB /* Release */ = {
			isa = XCBuildConfiguration;
			baseConfigurationReference = 1F4EFD78E34359B715F8E330 /* Pods-ModelPlaygroundTests.release.xcconfig */;
			buildSettings = {
				BUNDLE_LOADER = "$(TEST_HOST)";
				CODE_SIGN_STYLE = Automatic;
				CURRENT_PROJECT_VERSION = 1;
				GENERATE_INFOPLIST_FILE = YES;
				IPHONEOS_DEPLOYMENT_TARGET = 18.5;
				MARKETING_VERSION = 1.0;
				PRODUCT_BUNDLE_IDENTIFIER = carcutter.ModelPlaygroundTests;
				PRODUCT_NAME = "$(TARGET_NAME)";
				SWIFT_EMIT_LOC_STRINGS = NO;
				SWIFT_VERSION = 5.0;
				TARGETED_DEVICE_FAMILY = "1,2";
				TEST_HOST = "$(BUILT_PRODUCTS_DIR)/ModelPlayground.app/$(BUNDLE_EXECUTABLE_FOLDER_PATH)/ModelPlayground";
			};
			name = Release;
		};
		F1D25B062DFB23CC00FE87FB /* Debug */ = {
			isa = XCBuildConfiguration;
			baseConfigurationReference = 78CBEFC9421D7140053FD167 /* Pods-ModelPlayground-ModelPlaygroundUITests.debug.xcconfig */;
			buildSettings = {
				CODE_SIGN_STYLE = Automatic;
				CURRENT_PROJECT_VERSION = 1;
				GENERATE_INFOPLIST_FILE = YES;
				MARKETING_VERSION = 1.0;
				PRODUCT_BUNDLE_IDENTIFIER = carcutter.ModelPlaygroundUITests;
				PRODUCT_NAME = "$(TARGET_NAME)";
				SWIFT_EMIT_LOC_STRINGS = NO;
				SWIFT_VERSION = 5.0;
				TARGETED_DEVICE_FAMILY = "1,2";
				TEST_TARGET_NAME = ModelPlayground;
			};
			name = Debug;
		};
		F1D25B072DFB23CC00FE87FB /* Release */ = {
			isa = XCBuildConfiguration;
			baseConfigurationReference = 066135F591AAAAB2180CE540 /* Pods-ModelPlayground-ModelPlaygroundUITests.release.xcconfig */;
			buildSettings = {
				CODE_SIGN_STYLE = Automatic;
				CURRENT_PROJECT_VERSION = 1;
				GENERATE_INFOPLIST_FILE = YES;
				MARKETING_VERSION = 1.0;
				PRODUCT_BUNDLE_IDENTIFIER = carcutter.ModelPlaygroundUITests;
				PRODUCT_NAME = "$(TARGET_NAME)";
				SWIFT_EMIT_LOC_STRINGS = NO;
				SWIFT_VERSION = 5.0;
				TARGETED_DEVICE_FAMILY = "1,2";
				TEST_TARGET_NAME = ModelPlayground;
			};
			name = Release;
		};
/* End XCBuildConfiguration section */

/* Begin XCConfigurationList section */
		F1D25ACF2DFB23CB00FE87FB /* Build configuration list for PBXProject "ModelPlayground" */ = {
			isa = XCConfigurationList;
			buildConfigurations = (
				F1D25B002DFB23CC00FE87FB /* Debug */,
				F1D25B012DFB23CC00FE87FB /* Release */,
			);
			defaultConfigurationIsVisible = 0;
			defaultConfigurationName = Release;
		};
		F1D25AFD2DFB23CC00FE87FB /* Build configuration list for PBXNativeTarget "ModelPlayground" */ = {
			isa = XCConfigurationList;
			buildConfigurations = (
				F1D25AFE2DFB23CC00FE87FB /* Debug */,
				F1D25AFF2DFB23CC00FE87FB /* Release */,
			);
			defaultConfigurationIsVisible = 0;
			defaultConfigurationName = Release;
		};
		F1D25B022DFB23CC00FE87FB /* Build configuration list for PBXNativeTarget "ModelPlaygroundTests" */ = {
			isa = XCConfigurationList;
			buildConfigurations = (
				F1D25B032DFB23CC00FE87FB /* Debug */,
				F1D25B042DFB23CC00FE87FB /* Release */,
			);
			defaultConfigurationIsVisible = 0;
			defaultConfigurationName = Release;
		};
		F1D25B052DFB23CC00FE87FB /* Build configuration list for PBXNativeTarget "ModelPlaygroundUITests" */ = {
			isa = XCConfigurationList;
			buildConfigurations = (
				F1D25B062DFB23CC00FE87FB /* Debug */,
				F1D25B072DFB23CC00FE87FB /* Release */,
			);
			defaultConfigurationIsVisible = 0;
			defaultConfigurationName = Release;
		};
/* End XCConfigurationList section */
	};
	rootObject = F1D25ACC2DFB23CB00FE87FB /* Project object */;
}
